
Microsoft Visual Studio Solution File, Format Version 12.00
# Visual Studio 15
VisualStudioVersion = 15.0.28307.421
MinimumVisualStudioVersion = 10.0.40219.1
Project("{FAE04EC0-301F-11D3-BF4B-00C04F79EFBC}") = "PDF_Generator", "PDF_Generator\PDF_Generator.csproj", "{DC1BBFE8-A07E-4DC7-9E91-B399F0CAC69D}"
EndProject
Global
	GlobalSection(SolutionConfigurationPlatforms) = preSolution
		Debug|Any CPU = Debug|Any CPU
		Release|Any CPU = Release|Any CPU
	EndGlobalSection
	GlobalSection(ProjectConfigurationPlatforms) = postSolution
		{DC1BBFE8-A07E-4DC7-9E91-B399F0CAC69D}.Debug|Any CPU.ActiveCfg = Debug|Any CPU
		{DC1BBFE8-A07E-4DC7-9E91-B399F0CAC69D}.Debug|Any CPU.Build.0 = Debug|Any CPU
		{DC1BBFE8-A07E-4DC7-9E91-B399F0CAC69D}.Release|Any CPU.ActiveCfg = Release|Any CPU
		{DC1BBFE8-A07E-4DC7-9E91-B399F0CAC69D}.Release|Any CPU.Build.0 = Release|Any CPU
	EndGlobalSection
	GlobalSection(SolutionProperties) = preSolution
		HideSolutionNode = FALSE
	EndGlobalSection
	GlobalSection(ExtensibilityGlobals) = postSolution
		SolutionGuid = {63D06957-40EE-4986-AF25-0F58042F8E8F}
	EndGlobalSection
EndGlobal
